
Microsoft Visual Studio Solution File, Format Version 12.00
# Visual Studio Version 17
VisualStudioVersion = 17.10.35201.131
MinimumVisualStudioVersion = 10.0.40219.1
Project("{FAE04EC0-301F-11D3-BF4B-00C04F79EFBC}") = "TunaPianoAPI", "TunaPianoAPI.csproj", "{DE4C4C82-D313-4A74-9C54-90A7B989BBBD}"
EndProject
Global
	GlobalSection(SolutionConfigurationPlatforms) = preSolution
		Debug|Any CPU = Debug|Any CPU
		Release|Any CPU = Release|Any CPU
	EndGlobalSection
	GlobalSection(ProjectConfigurationPlatforms) = postSolution
		{DE4C4C82-D313-4A74-9C54-90A7B989BBBD}.Debug|Any CPU.ActiveCfg = Debug|Any CPU
		{DE4C4C82-D313-4A74-9C54-90A7B989BBBD}.Debug|Any CPU.Build.0 = Debug|Any CPU
		{DE4C4C82-D313-4A74-9C54-90A7B989BBBD}.Release|Any CPU.ActiveCfg = Release|Any CPU
		{DE4C4C82-D313-4A74-9C54-90A7B989BBBD}.Release|Any CPU.Build.0 = Release|Any CPU
	EndGlobalSection
	GlobalSection(SolutionProperties) = preSolution
		HideSolutionNode = FALSE
	EndGlobalSection
	GlobalSection(ExtensibilityGlobals) = postSolution
		SolutionGuid = {85914905-78D6-42A9-857B-B47143E48823}
	EndGlobalSection
EndGlobal
